# This file was autogenerated by Stack.
# You should not edit this file by hand.
# For more information, please see the documentation at:
#   https://docs.haskellstack.org/en/stable/topics/lock_files

packages: []
snapshots:
- completed:
    sha256: e999e7b02b5abfe341a31c1b01a0e1129ddd19d1661a75c596fe746bc13d52d4
    size: 732462
    url: https://raw.githubusercontent.com/commercialhaskell/stackage-snapshots/master/lts/24/61.yaml
  original:
    url: https://raw.githubusercontent.com/commercialhaskell/stackage-snapshots/master/lts/24/61.yaml
